
Microsoft Visual Studio Solution File, Format Version 12.00
# Visual Studio Version 17
VisualStudioVersion = 17.10.35004.147
MinimumVisualStudioVersion = 10.0.40219.1
Project("{9A19103F-16F7-4668-BE54-9A1E7A4F7556}") = "DatabaseSecurity", "DatabaseSecurity\DatabaseSecurity.csproj", "{55AF418A-30F9-4F74-9B0C-8BA43BC71724}"
EndProject
Project("{2150E333-8FDC-42A3-9474-1A3956D46DE8}") = "Solution Items", "Solution Items", "{D42B4E47-E10E-4C9B-BD31-6DEB5CFDE476}"
	ProjectSection(SolutionItems) = preProject
		.gitattributes = .gitattributes
		.gitignore = .gitignore
		.github\workflows\dotnet.yml = .github\workflows\dotnet.yml
		LICENSE.txt = LICENSE.txt
		README.md = README.md
	EndProjectSection
EndProject
Project("{9A19103F-16F7-4668-BE54-9A1E7A4F7556}") = "DatabaseSecurity.UnitTests", "DatabaseSecurity.UnitTests\DatabaseSecurity.UnitTests.csproj", "{EB57F4B9-0310-4750-8D70-7CFA516A79ED}"
EndProject
Global
	GlobalSection(SolutionConfigurationPlatforms) = preSolution
		Debug|Any CPU = Debug|Any CPU
		Release|Any CPU = Release|Any CPU
	EndGlobalSection
	GlobalSection(ProjectConfigurationPlatforms) = postSolution
		{55AF418A-30F9-4F74-9B0C-8BA43BC71724}.Debug|Any CPU.ActiveCfg = Debug|Any CPU
		{55AF418A-30F9-4F74-9B0C-8BA43BC71724}.Debug|Any CPU.Build.0 = Debug|Any CPU
		{55AF418A-30F9-4F74-9B0C-8BA43BC71724}.Release|Any CPU.ActiveCfg = Release|Any CPU
		{55AF418A-30F9-4F74-9B0C-8BA43BC71724}.Release|Any CPU.Build.0 = Release|Any CPU
		{EB57F4B9-0310-4750-8D70-7CFA516A79ED}.Debug|Any CPU.ActiveCfg = Debug|Any CPU
		{EB57F4B9-0310-4750-8D70-7CFA516A79ED}.Debug|Any CPU.Build.0 = Debug|Any CPU
		{EB57F4B9-0310-4750-8D70-7CFA516A79ED}.Release|Any CPU.ActiveCfg = Release|Any CPU
		{EB57F4B9-0310-4750-8D70-7CFA516A79ED}.Release|Any CPU.Build.0 = Release|Any CPU
	EndGlobalSection
	GlobalSection(SolutionProperties) = preSolution
		HideSolutionNode = FALSE
	EndGlobalSection
	GlobalSection(ExtensibilityGlobals) = postSolution
		SolutionGuid = {78094744-5492-4CF5-A97A-EB6A46463EE1}
	EndGlobalSection
EndGlobal
